Microsoft Visual Studio Solution File, Format Version 12.00
# Visual Studio Version 16
VisualStudioVersion = 16.0.29201.188
MinimumVisualStudioVersion = 10.0.40219.1
Project("{FAE04EC0-301F-11D3-BF4B-00C04F79EFBC}") = "SINGIT.Android", "SINGIT.Android\SINGIT.Android.csproj", "{E8FB187A-FBBB-4E17-BDE5-F08E747585E4}"
EndProject
Project("{FAE04EC0-301F-11D3-BF4B-00C04F79EFBC}") = "SINGIT.iOS", "SINGIT.iOS\SINGIT.iOS.csproj", "{B4B9DE35-9D8C-44FB-872D-9BB4B3A528CC}"
EndProject
Project("{9A19103F-16F7-4668-BE54-9A1E7A4F7556}") = "SINGIT", "SINGIT\SINGIT.csproj", "{70D3A319-D95E-4930-9967-382F33DE83AD}"
EndProject
Global
	GlobalSection(SolutionConfigurationPlatforms) = preSolution
		Debug|Any CPU = Debug|Any CPU
		Debug|iPhone = Debug|iPhone
		Debug|iPhoneSimulator = Debug|iPhoneSimulator
		Release|Any CPU = Release|Any CPU
		Release|iPhone = Release|iPhone
		Release|iPhoneSimulator = Release|iPhoneSimulator
	EndGlobalSection
	GlobalSection(ProjectConfigurationPlatforms) = postSolution
		{E8FB187A-FBBB-4E17-BDE5-F08E747585E4}.Debug|Any CPU.ActiveCfg = Debug|Any CPU
		{E8FB187A-FBBB-4E17-BDE5-F08E747585E4}.Debug|Any CPU.Build.0 = Debug|Any CPU
		{E8FB187A-FBBB-4E17-BDE5-F08E747585E4}.Debug|Any CPU.Deploy.0 = Debug|Any CPU
		{E8FB187A-FBBB-4E17-BDE5-F08E747585E4}.Debug|iPhone.ActiveCfg = Debug|Any CPU
		{E8FB187A-FBBB-4E17-BDE5-F08E747585E4}.Debug|iPhone.Build.0 = Debug|Any CPU
		{E8FB187A-FBBB-4E17-BDE5-F08E747585E4}.Debug|iPhoneSimulator.ActiveCfg = Debug|Any CPU
		{E8FB187A-FBBB-4E17-BDE5-F08E747585E4}.Debug|iPhoneSimulator.Build.0 = Debug|Any CPU
		{E8FB187A-FBBB-4E17-BDE5-F08E747585E4}.Release|Any CPU.ActiveCfg = Release|Any CPU
		{E8FB187A-FBBB-4E17-BDE5-F08E747585E4}.Release|Any CPU.Build.0 = Release|Any CPU
		{E8FB187A-FBBB-4E17-BDE5-F08E747585E4}.Release|iPhone.ActiveCfg = Release|Any CPU
		{E8FB187A-FBBB-4E17-BDE5-F08E747585E4}.Release|iPhone.Build.0 = Release|Any CPU
		{E8FB187A-FBBB-4E17-BDE5-F08E747585E4}.Release|iPhoneSimulator.ActiveCfg = Release|Any CPU
		{E8FB187A-FBBB-4E17-BDE5-F08E747585E4}.Release|iPhoneSimulator.Build.0 = Release|Any CPU
		{B4B9DE35-9D8C-44FB-872D-9BB4B3A528CC}.Debug|Any CPU.ActiveCfg = Debug|iPhoneSimulator
		{B4B9DE35-9D8C-44FB-872D-9BB4B3A528CC}.Debug|Any CPU.Build.0 = Debug|iPhoneSimulator
		{B4B9DE35-9D8C-44FB-872D-9BB4B3A528CC}.Debug|iPhone.ActiveCfg = Debug|iPhone
		{B4B9DE35-9D8C-44FB-872D-9BB4B3A528CC}.Debug|iPhone.Build.0 = Debug|iPhone
		{B4B9DE35-9D8C-44FB-872D-9BB4B3A528CC}.Debug|iPhoneSimulator.ActiveCfg = Debug|iPhoneSimulator
		{B4B9DE35-9D8C-44FB-872D-9BB4B3A528CC}.Debug|iPhoneSimulator.Build.0 = Debug|iPhoneSimulator
		{B4B9DE35-9D8C-44FB-872D-9BB4B3A528CC}.Release|Any CPU.ActiveCfg = Release|iPhoneSimulator
		{B4B9DE35-9D8C-44FB-872D-9BB4B3A528CC}.Release|Any CPU.Build.0 = Release|iPhoneSimulator
		{B4B9DE35-9D8C-44FB-872D-9BB4B3A528CC}.Release|iPhone.ActiveCfg = Release|iPhone
		{B4B9DE35-9D8C-44FB-872D-9BB4B3A528CC}.Release|iPhone.Build.0 = Release|iPhone
		{B4B9DE35-9D8C-44FB-872D-9BB4B3A528CC}.Release|iPhoneSimulator.ActiveCfg = Release|iPhoneSimulator
		{B4B9DE35-9D8C-44FB-872D-9BB4B3A528CC}.Release|iPhoneSimulator.Build.0 = Release|iPhoneSimulator
		{70D3A319-D95E-4930-9967-382F33DE83AD}.Debug|Any CPU.ActiveCfg = Debug|Any CPU
		{70D3A319-D95E-4930-9967-382F33DE83AD}.Debug|Any CPU.Build.0 = Debug|Any CPU
		{70D3A319-D95E-4930-9967-382F33DE83AD}.Debug|iPhone.ActiveCfg = Debug|Any CPU
		{70D3A319-D95E-4930-9967-382F33DE83AD}.Debug|iPhone.Build.0 = Debug|Any CPU
		{70D3A319-D95E-4930-9967-382F33DE83AD}.Debug|iPhoneSimulator.ActiveCfg = Debug|Any CPU
		{70D3A319-D95E-4930-9967-382F33DE83AD}.Debug|iPhoneSimulator.Build.0 = Debug|Any CPU
		{70D3A319-D95E-4930-9967-382F33DE83AD}.Release|Any CPU.ActiveCfg = Release|Any CPU
		{70D3A319-D95E-4930-9967-382F33DE83AD}.Release|Any CPU.Build.0 = Release|Any CPU
		{70D3A319-D95E-4930-9967-382F33DE83AD}.Release|iPhone.ActiveCfg = Release|Any CPU
		{70D3A319-D95E-4930-9967-382F33DE83AD}.Release|iPhone.Build.0 = Release|Any CPU
		{70D3A319-D95E-4930-9967-382F33DE83AD}.Release|iPhoneSimulator.ActiveCfg = Release|Any CPU
		{70D3A319-D95E-4930-9967-382F33DE83AD}.Release|iPhoneSimulator.Build.0 = Release|Any CPU
	EndGlobalSection
	GlobalSection(SolutionProperties) = preSolution
		HideSolutionNode = FALSE
	EndGlobalSection
	GlobalSection(ExtensibilityGlobals) = postSolution
		SolutionGuid = {F2E7F1D5-ED7F-489F-B8C9-FD4AA2EF685E}
	EndGlobalSection
EndGlobal
